// !$*UTF8*$!
{
	archiveVersion = 1;
	classes = {
	};
	objectVersion = 77;
	objects = {

/* Begin PBXContainerItemProxy section */
		E09771702DAD0EB700B4475D /* PBXContainerItemProxy */ = {
			isa = PBXContainerItemProxy;
			containerPortal = E097715A2DAD0EB400B4475D /* Project object */;
			proxyType = 1;
			remoteGlobalIDString = E09771612DAD0EB400B4475D;
			remoteInfo = FlixFinder;
		};
		E097717A2DAD0EB700B4475D /* PBXContainerItemProxy */ = {
			isa = PBXContainerItemProxy;
			containerPortal = E097715A2DAD0EB400B4475D /* Project object */;
			proxyType = 1;
			remoteGlobalIDString = E09771612DAD0EB400B4475D;
			remoteInfo = FlixFinder;
		};
/* End PBXContainerItemProxy section */

/* Begin PBXFileReference section */
		E09771622DAD0EB400B4475D /* FlixFinder.app */ = {isa = PBXFileReference; explicitFileType = wrapper.application; includeInIndex = 0; path = FlixFinder.app; sourceTree = BUILT_PRODUCTS_DIR; };
		E097716F2DAD0EB700B4475D /* FlixFinderTests.xctest */ = {isa = PBXFileReference; explicitFileType = wrapper.cfbundle; includeInIndex = 0; path = FlixFinderTests.xctest; sourceTree = BUILT_PRODUCTS_DIR; };
		E09771792DAD0EB700B4475D /* FlixFinderUITests.xctest */ = {isa = PBXFileReference; explicitFileType = wrapper.cfbundle; includeInIndex = 0; path = FlixFinderUITests.xctest; sourceTree = BUILT_PRODUCTS_DIR; };
/* End PBXFileReference section */

/* Begin PBXFileSystemSynchronizedRootGroup section */
		E09771642DAD0EB400B4475D /* FlixFinder */ = {
			isa = PBXFileSystemSynchronizedRootGroup;
			path = FlixFinder;
			sourceTree = "<group>";
		};
		E09771722DAD0EB700B4475D /* FlixFinderTests */ = {
			isa = PBXFileSystemSynchronizedRootGroup;
			path = FlixFinderTests;
			sourceTree = "<group>";
		};
		E097717C2DAD0EB700B4475D /* FlixFinderUITests */ = {
			isa = PBXFileSystemSynchronizedRootGroup;
			path = FlixFinderUITests;
			sourceTree = "<group>";
		};
/* End PBXFileSystemSynchronizedRootGroup section */

/* Begin PBXFrameworksBuildPhase section */
		E097715F2DAD0EB400B4475D /* Frameworks */ = {
			isa = PBXFrameworksBuildPhase;
			buildActionMask = 2147483647;
			files = (
			);
			runOnlyForDeploymentPostprocessing = 0;
		};
		E097716C2DAD0EB700B4475D /* Frameworks */ = {
			isa = PBXFrameworksBuildPhase;
			buildActionMask = 2147483647;
			files = (
			);
			runOnlyForDeploymentPostprocessing = 0;
		};
		E09771762DAD0EB700B4475D /* Frameworks */ = {
			isa = PBXFrameworksBuildPhase;
			buildActionMask = 2147483647;
			files = (
			);
			runOnlyForDeploymentPostprocessing = 0;
		};
/* End PBXFrameworksBuildPhase section */

/* Begin PBXGroup section */
		E09771592DAD0EB400B4475D = {
			isa = PBXGroup;
			children = (
				E09771642DAD0EB400B4475D /* FlixFinder */,
				E09771722DAD0EB700B4475D /* FlixFinderTests */,
				E097717C2DAD0EB700B4475D /* FlixFinderUITests */,
				E09771632DAD0EB400B4475D /* Products */,
			);
			sourceTree = "<group>";
		};
		E09771632DAD0EB400B4475D /* Products */ = {
			isa = PBXGroup;
			children = (
				E09771622DAD0EB400B4475D /* FlixFinder.app */,
				E097716F2DAD0EB700B4475D /* FlixFinderTests.xctest */,
				E09771792DAD0EB700B4475D /* FlixFinderUITests.xctest */,
			);
			name = Products;
			sourceTree = "<group>";
		};
/* End PBXGroup section */

/* Begin PBXNativeTarget section */
		E09771612DAD0EB400B4475D /* FlixFinder */ = {
			isa = PBXNativeTarget;
			buildConfigurationList = E09771832DAD0EB700B4475D /* Build configuration list for PBXNativeTarget "FlixFinder" */;
			buildPhases = (
				E097715E2DAD0EB400B4475D /* Sources */,
				E097715F2DAD0EB400B4475D /* Frameworks */,
				E09771602DAD0EB400B4475D /* Resources */,
			);
			buildRules = (
			);
			dependencies = (
			);
			fileSystemSynchronizedGroups = (
				E09771642DAD0EB400B4475D /* FlixFinder */,
			);
			name = FlixFinder;
			packageProductDependencies = (
			);
			productName = FlixFinder;
			productReference = E09771622DAD0EB400B4475D /* FlixFinder.app */;
			productType = "com.apple.product-type.application";
		};
		E097716E2DAD0EB700B4475D /* FlixFinderTests */ = {
			isa = PBXNativeTarget;
			buildConfigurationList = E09771862DAD0EB700B4475D /* Build configuration list for PBXNativeTarget "FlixFinderTests" */;
			buildPhases = (
				E097716B2DAD0EB700B4475D /* Sources */,
				E097716C2DAD0EB700B4475D /* Frameworks */,
				E097716D2DAD0EB700B4475D /* Resources */,
			);
			buildRules = (
			);
			dependencies = (
				E09771712DAD0EB700B4475D /* PBXTargetDependency */,
			);
			fileSystemSynchronizedGroups = (
				E09771722DAD0EB700B4475D /* FlixFinderTests */,
			);
			name = FlixFinderTests;
			packageProductDependencies = (
			);
			productName = FlixFinderTests;
			productReference = E097716F2DAD0EB700B4475D /* FlixFinderTests.xctest */;
			productType = "com.apple.product-type.bundle.unit-test";
		};
		E09771782DAD0EB700B4475D /* FlixFinderUITests */ = {
			isa = PBXNativeTarget;
			buildConfigurationList = E09771892DAD0EB700B4475D /* Build configuration list for PBXNativeTarget "FlixFinderUITests" */;
			buildPhases = (
				E09771752DAD0EB700B4475D /* Sources */,
				E09771762DAD0EB700B4475D /* Frameworks */,
				E09771772DAD0EB700B4475D /* Resources */,
			);
			buildRules = (
			);
			dependencies = (
				E097717B2DAD0EB700B4475D /* PBXTargetDependency */,
			);
			fileSystemSynchronizedGroups = (
				E097717C2DAD0EB700B4475D /* FlixFinderUITests */,
			);
			name = FlixFinderUITests;
			packageProductDependencies = (
			);
			productName = FlixFinderUITests;
			productReference = E09771792DAD0EB700B4475D /* FlixFinderUITests.xctest */;
			productType = "com.apple.product-type.bundle.ui-testing";
		};
/* End PBXNativeTarget section */

/* Begin PBXProject section */
		E097715A2DAD0EB400B4475D /* Project object */ = {
			isa = PBXProject;
			attributes = {
				BuildIndependentTargetsInParallel = 1;
				LastSwiftUpdateCheck = 1630;
				LastUpgradeCheck = 1630;
				TargetAttributes = {
					E09771612DAD0EB400B4475D = {
						CreatedOnToolsVersion = 16.3;
					};
					E097716E2DAD0EB700B4475D = {
						CreatedOnToolsVersion = 16.3;
						TestTargetID = E09771612DAD0EB400B4475D;
					};
					E09771782DAD0EB700B4475D = {
						CreatedOnToolsVersion = 16.3;
						TestTargetID = E09771612DAD0EB400B4475D;
					};
				};
			};
			buildConfigurationList = E097715D2DAD0EB400B4475D /* Build configuration list for PBXProject "FlixFinder" */;
			developmentRegion = en;
			hasScannedForEncodings = 0;
			knownRegions = (
				en,
				Base,
			);
			mainGroup = E09771592DAD0EB400B4475D;
			minimizedProjectReferenceProxies = 1;
			preferredProjectObjectVersion = 77;
			productRefGroup = E09771632DAD0EB400B4475D /* Products */;
			projectDirPath = "";
			projectRoot = "";
			targets = (
				E09771612DAD0EB400B4475D /* FlixFinder */,
				E097716E2DAD0EB700B4475D /* FlixFinderTests */,
				E09771782DAD0EB700B4475D /* FlixFinderUITests */,
			);
		};
/* End PBXProject section */

/* Begin PBXResourcesBuildPhase section */
		E09771602DAD0EB400B4475D /* Resources */ = {
			isa = PBXResourcesBuildPhase;
			buildActionMask = 2147483647;
			files = (
			);
			runOnlyForDeploymentPostprocessing = 0;
		};
		E097716D2DAD0EB700B4475D /* Resources */ = {
			isa = PBXResourcesBuildPhase;
			buildActionMask = 2147483647;
			files = (
			);
			runOnlyForDeploymentPostprocessing = 0;
		};
		E09771772DAD0EB700B4475D /* Resources */ = {
			isa = PBXResourcesBuildPhase;
			buildActionMask = 2147483647;
			files = (
			);
			runOnlyForDeploymentPostprocessing = 0;
		};
/* End PBXResourcesBuildPhase section */

/* Begin PBXSourcesBuildPhase section */
		E097715E2DAD0EB400B4475D /* Sources */ = {
			isa = PBXSourcesBuildPhase;
			buildActionMask = 2147483647;
			files = (
			);
			runOnlyForDeploymentPostprocessing = 0;
		};
		E097716B2DAD0EB700B4475D /* Sources */ = {
			isa = PBXSourcesBuildPhase;
			buildActionMask = 2147483647;
			files = (
			);
			runOnlyForDeploymentPostprocessing = 0;
		};
		E09771752DAD0EB700B4475D /* Sources */ = {
			isa = PBXSourcesBuildPhase;
			buildActionMask = 2147483647;
			files = (
			);
			runOnlyForDeploymentPostprocessing = 0;
		};
/* End PBXSourcesBuildPhase section */

/* Begin PBXTargetDependency section */
		E09771712DAD0EB700B4475D /* PBXTargetDependency */ = {
			isa = PBXTargetDependency;
			target = E09771612DAD0EB400B4475D /* FlixFinder */;
			targetProxy = E09771702DAD0EB700B4475D /* PBXContainerItemProxy */;
		};
		E097717B2DAD0EB700B4475D /* PBXTargetDependency */ = {
			isa = PBXTargetDependency;
			target = E09771612DAD0EB400B4475D /* FlixFinder */;
			targetProxy = E097717A2DAD0EB700B4475D /* PBXContainerItemProxy */;
		};
/* End PBXTargetDependency section */

/* Begin XCBuildConfiguration section */
		E09771812DAD0EB700B4475D /* Debug */ = {
			isa = XCBuildConfiguration;
			buildSettings = {
				ALWAYS_SEARCH_USER_PATHS = NO;
				ASSETCATALOG_COMPILER_GENERATE_SWIFT_ASSET_SYMBOL_EXTENSIONS = YES;
				CLANG_ANALYZER_NONNULL = YES;
				CLANG_ANALYZER_NUMBER_OBJECT_CONVERSION = YES_AGGRESSIVE;
				CLANG_CXX_LANGUAGE_STANDARD = "gnu++20";
				CLANG_ENABLE_MODULES = YES;
				CLANG_ENABLE_OBJC_ARC = YES;
				CLANG_ENABLE_OBJC_WEAK = YES;
				CLANG_WARN_BLOCK_CAPTURE_AUTORELEASING = YES;
				CLANG_WARN_BOOL_CONVERSION = YES;
				CLANG_WARN_COMMA = YES;
				CLANG_WARN_CONSTANT_CONVERSION = YES;
				CLANG_WARN_DEPRECATED_OBJC_IMPLEMENTATIONS = YES;
				CLANG_WARN_DIRECT_OBJC_ISA_USAGE = YES_ERROR;
				CLANG_WARN_DOCUMENTATION_COMMENTS = YES;
				CLANG_WARN_EMPTY_BODY = YES;
				CLANG_WARN_ENUM_CONVERSION = YES;
				CLANG_WARN_INFINITE_RECURSION = YES;
				CLANG_WARN_INT_CONVERSION = YES;
				CLANG_WARN_NON_LITERAL_NULL_CONVERSION = YES;
				CLANG_WARN_OBJC_IMPLICIT_RETAIN_SELF = YES;
				CLANG_WARN_OBJC_LITERAL_CONVERSION = YES;
				CLANG_WARN_OBJC_ROOT_CLASS = YES_ERROR;
				CLANG_WARN_QUOTED_INCLUDE_IN_FRAMEWORK_HEADER = YES;
				CLANG_WARN_RANGE_LOOP_ANALYSIS = YES;
				CLANG_WARN_STRICT_PROTOTYPES = YES;
				CLANG_WARN_SUSPICIOUS_MOVE = YES;
				CLANG_WARN_UNGUARDED_AVAILABILITY = YES_AGGRESSIVE;
				CLANG_WARN_UNREACHABLE_CODE = YES;
				CLANG_WARN__DUPLICATE_METHOD_MATCH = YES;
				COPY_PHASE_STRIP = NO;
				DEBUG_INFORMATION_FORMAT = dwarf;
				ENABLE_STRICT_OBJC_MSGSEND = YES;
				ENABLE_TESTABILITY = YES;
				ENABLE_USER_SCRIPT_SANDBOXING = YES;
				GCC_C_LANGUAGE_STANDARD = gnu17;
				GCC_DYNAMIC_NO_PIC = NO;
				GCC_NO_COMMON_BLOCKS = YES;
				GCC_OPTIMIZATION_LEVEL = 0;
				GCC_PREPROCESSOR_DEFINITIONS = (
					"DEBUG=1",
					"$(inherited)",
				);
				GCC_WARN_64_TO_32_BIT_CONVERSION = YES;
				GCC_WARN_ABOUT_RETURN_TYPE = YES_ERROR;
				GCC_WARN_UNDECLARED_SELECTOR = YES;
				GCC_WARN_UNINITIALIZED_AUTOS = YES_AGGRESSIVE;
				GCC_WARN_UNUSED_FUNCTION = YES;
				GCC_WARN_UNUSED_VARIABLE = YES;
				IPHONEOS_DEPLOYMENT_TARGET = 18.4;
				LOCALIZATION_PREFERS_STRING_CATALOGS = YES;
				MTL_ENABLE_DEBUG_INFO = INCLUDE_SOURCE;
				MTL_FAST_MATH = YES;
				ONLY_ACTIVE_ARCH = YES;
				SDKROOT = iphoneos;
				SWIFT_ACTIVE_COMPILATION_CONDITIONS = "DEBUG $(inherited)";
				SWIFT_OPTIMIZATION_LEVEL = "-Onone";
			};
			name = Debug;
		};
		E09771822DAD0EB700B4475D /* Release */ = {
			isa = XCBuildConfiguration;
			buildSettings = {
				ALWAYS_SEARCH_USER_PATHS = NO;
				ASSETCATALOG_COMPILER_GENERATE_SWIFT_ASSET_SYMBOL_EXTENSIONS = YES;
				CLANG_ANALYZER_NONNULL = YES;
				CLANG_ANALYZER_NUMBER_OBJECT_CONVERSION = YES_AGGRESSIVE;
				CLANG_CXX_LANGUAGE_STANDARD = "gnu++20";
				CLANG_ENABLE_MODULES = YES;
				CLANG_ENABLE_OBJC_ARC = YES;
				CLANG_ENABLE_OBJC_WEAK = YES;
				CLANG_WARN_BLOCK_CAPTURE_AUTORELEASING = YES;
				CLANG_WARN_BOOL_CONVERSION = YES;
				CLANG_WARN_COMMA = YES;
				CLANG_WARN_CONSTANT_CONVERSION = YES;
				CLANG_WARN_DEPRECATED_OBJC_IMPLEMENTATIONS = YES;
				CLANG_WARN_DIRECT_OBJC_ISA_USAGE = YES_ERROR;
				CLANG_WARN_DOCUMENTATION_COMMENTS = YES;
				CLANG_WARN_EMPTY_BODY = YES;
				CLANG_WARN_ENUM_CONVERSION = YES;
				CLANG_WARN_INFINITE_RECURSION = YES;
				CLANG_WARN_INT_CONVERSION = YES;
				CLANG_WARN_NON_LITERAL_NULL_CONVERSION = YES;
				CLANG_WARN_OBJC_IMPLICIT_RETAIN_SELF = YES;
				CLANG_WARN_OBJC_LITERAL_CONVERSION = YES;
				CLANG_WARN_OBJC_ROOT_CLASS = YES_ERROR;
				CLANG_WARN_QUOTED_INCLUDE_IN_FRAMEWORK_HEADER = YES;
				CLANG_WARN_RANGE_LOOP_ANALYSIS = YES;
				CLANG_WARN_STRICT_PROTOTYPES = YES;
				CLANG_WARN_SUSPICIOUS_MOVE = YES;
				CLANG_WARN_UNGUARDED_AVAILABILITY = YES_AGGRESSIVE;
				CLANG_WARN_UNREACHABLE_CODE = YES;
				CLANG_WARN__DUPLICATE_METHOD_MATCH = YES;
				COPY_PHASE_STRIP = NO;
				DEBUG_INFORMATION_FORMAT = "dwarf-with-dsym";
				ENABLE_NS_ASSERTIONS = NO;
				ENABLE_STRICT_OBJC_MSGSEND = YES;
				ENABLE_USER_SCRIPT_SANDBOXING = YES;
				GCC_C_LANGUAGE_STANDARD = gnu17;
				GCC_NO_COMMON_BLOCKS = YES;
				GCC_WARN_64_TO_32_BIT_CONVERSION = YES;
				GCC_WARN_ABOUT_RETURN_TYPE = YES_ERROR;
				GCC_WARN_UNDECLARED_SELECTOR = YES;
				GCC_WARN_UNINITIALIZED_AUTOS = YES_AGGRESSIVE;
				GCC_WARN_UNUSED_FUNCTION = YES;
				GCC_WARN_UNUSED_VARIABLE = YES;
				IPHONEOS_DEPLOYMENT_TARGET = 18.4;
				LOCALIZATION_PREFERS_STRING_CATALOGS = YES;
				MTL_ENABLE_DEBUG_INFO = NO;
				MTL_FAST_MATH = YES;
				SDKROOT = iphoneos;
				SWIFT_COMPILATION_MODE = wholemodule;
				VALIDATE_PRODUCT = YES;
			};
			name = Release;
		};
		E09771842DAD0EB700B4475D /* Debug */ = {
			isa = XCBuildConfiguration;
			buildSettings = {
				ASSETCATALOG_COMPILER_APPICON_NAME = AppIcon;
				ASSETCATALOG_COMPILER_GLOBAL_ACCENT_COLOR_NAME = AccentColor;
				CODE_SIGN_STYLE = Automatic;
				CURRENT_PROJECT_VERSION = 1;
				ENABLE_PREVIEWS = YES;
				GENERATE_INFOPLIST_FILE = YES;
				INFOPLIST_KEY_UIApplicationSceneManifest_Generation = YES;
				INFOPLIST_KEY_UIApplicationSupportsIndirectInputEvents = YES;
				INFOPLIST_KEY_UILaunchScreen_Generation = YES;
				INFOPLIST_KEY_UISupportedInterfaceOrientations_iPad = "UIInterfaceOrientationPortrait UIInterfaceOrientationPortraitUpsideDown UIInterfaceOrientationLandscapeLeft UIInterfaceOrientationLandscapeRight";
				INFOPLIST_KEY_UISupportedInterfaceOrientations_iPhone = "UIInterfaceOrientationPortrait UIInterfaceOrientationLandscapeLeft UIInterfaceOrientationLandscapeRight";
				LD_RUNPATH_SEARCH_PATHS = (
					"$(inherited)",
					"@executable_path/Frameworks",
				);
				MARKETING_VERSION = 1.0;
				PRODUCT_BUNDLE_IDENTIFIER = Rm.FlixFinder;
				PRODUCT_NAME = "$(TARGET_NAME)";
				SWIFT_EMIT_LOC_STRINGS = YES;
				SWIFT_VERSION = 5.0;
				TARGETED_DEVICE_FAMILY = "1,2";
			};
			name = Debug;
		};
		E09771852DAD0EB700B4475D /* Release */ = {
			isa = XCBuildConfiguration;
			buildSettings = {
				ASSETCATALOG_COMPILER_APPICON_NAME = AppIcon;
				ASSETCATALOG_COMPILER_GLOBAL_ACCENT_COLOR_NAME = AccentColor;
				CODE_SIGN_STYLE = Automatic;
				CURRENT_PROJECT_VERSION = 1;
				ENABLE_PREVIEWS = YES;
				GENERATE_INFOPLIST_FILE = YES;
				INFOPLIST_KEY_UIApplicationSceneManifest_Generation = YES;
				INFOPLIST_KEY_UIApplicationSupportsIndirectInputEvents = YES;
				INFOPLIST_KEY_UILaunchScreen_Generation = YES;
				INFOPLIST_KEY_UISupportedInterfaceOrientations_iPad = "UIInterfaceOrientationPortrait UIInterfaceOrientationPortraitUpsideDown UIInterfaceOrientationLandscapeLeft UIInterfaceOrientationLandscapeRight";
				INFOPLIST_KEY_UISupportedInterfaceOrientations_iPhone = "UIInterfaceOrientationPortrait UIInterfaceOrientationLandscapeLeft UIInterfaceOrientationLandscapeRight";
				LD_RUNPATH_SEARCH_PATHS = (
					"$(inherited)",
					"@executable_path/Frameworks",
				);
				MARKETING_VERSION = 1.0;
				PRODUCT_BUNDLE_IDENTIFIER = Rm.FlixFinder;
				PRODUCT_NAME = "$(TARGET_NAME)";
				SWIFT_EMIT_LOC_STRINGS = YES;
				SWIFT_VERSION = 5.0;
				TARGETED_DEVICE_FAMILY = "1,2";
			};
			name = Release;
		};
		E09771872DAD0EB700B4475D /* Debug */ = {
			isa = XCBuildConfiguration;
			buildSettings = {
				BUNDLE_LOADER = "$(TEST_HOST)";
				CODE_SIGN_STYLE = Automatic;
				CURRENT_PROJECT_VERSION = 1;
				GENERATE_INFOPLIST_FILE = YES;
				IPHONEOS_DEPLOYMENT_TARGET = 18.4;
				MARKETING_VERSION = 1.0;
				PRODUCT_BUNDLE_IDENTIFIER = Rm.FlixFinderTests;
				PRODUCT_NAME = "$(TARGET_NAME)";
				SWIFT_EMIT_LOC_STRINGS = NO;
				SWIFT_VERSION = 5.0;
				TARGETED_DEVICE_FAMILY = "1,2";
				TEST_HOST = "$(BUILT_PRODUCTS_DIR)/FlixFinder.app/$(BUNDLE_EXECUTABLE_FOLDER_PATH)/FlixFinder";
			};
			name = Debug;
		};
		E09771882DAD0EB700B4475D /* Release */ = {
			isa = XCBuildConfiguration;
			buildSettings = {
				BUNDLE_LOADER = "$(TEST_HOST)";
				CODE_SIGN_STYLE = Automatic;
				CURRENT_PROJECT_VERSION = 1;
				GENERATE_INFOPLIST_FILE = YES;
				IPHONEOS_DEPLOYMENT_TARGET = 18.4;
				MARKETING_VERSION = 1.0;
				PRODUCT_BUNDLE_IDENTIFIER = Rm.FlixFinderTests;
				PRODUCT_NAME = "$(TARGET_NAME)";
				SWIFT_EMIT_LOC_STRINGS = NO;
				SWIFT_VERSION = 5.0;
				TARGETED_DEVICE_FAMILY = "1,2";
				TEST_HOST = "$(BUILT_PRODUCTS_DIR)/FlixFinder.app/$(BUNDLE_EXECUTABLE_FOLDER_PATH)/FlixFinder";
			};
			name = Release;
		};
		E097718A2DAD0EB700B4475D /* Debug */ = {
			isa = XCBuildConfiguration;
			buildSettings = {
				CODE_SIGN_STYLE = Automatic;
				CURRENT_PROJECT_VERSION = 1;
				GENERATE_INFOPLIST_FILE = YES;
				MARKETING_VERSION = 1.0;
				PRODUCT_BUNDLE_IDENTIFIER = Rm.FlixFinderUITests;
				PRODUCT_NAME = "$(TARGET_NAME)";
				SWIFT_EMIT_LOC_STRINGS = NO;
				SWIFT_VERSION = 5.0;
				TARGETED_DEVICE_FAMILY = "1,2";
				TEST_TARGET_NAME = FlixFinder;
			};
			name = Debug;
		};
		E097718B2DAD0EB700B4475D /* Release */ = {
			isa = XCBuildConfiguration;
			buildSettings = {
				CODE_SIGN_STYLE = Automatic;
				CURRENT_PROJECT_VERSION = 1;
				GENERATE_INFOPLIST_FILE = YES;
				MARKETING_VERSION = 1.0;
				PRODUCT_BUNDLE_IDENTIFIER = Rm.FlixFinderUITests;
				PRODUCT_NAME = "$(TARGET_NAME)";
				SWIFT_EMIT_LOC_STRINGS = NO;
				SWIFT_VERSION = 5.0;
				TARGETED_DEVICE_FAMILY = "1,2";
				TEST_TARGET_NAME = FlixFinder;
			};
			name = Release;
		};
/* End XCBuildConfiguration section */

/* Begin XCConfigurationList section */
		E097715D2DAD0EB400B4475D /* Build configuration list for PBXProject "FlixFinder" */ = {
			isa = XCConfigurationList;
			buildConfigurations = (
				E09771812DAD0EB700B4475D /* Debug */,
				E09771822DAD0EB700B4475D /* Release */,
			);
			defaultConfigurationIsVisible = 0;
			defaultConfigurationName = Release;
		};
		E09771832DAD0EB700B4475D /* Build configuration list for PBXNativeTarget "FlixFinder" */ = {
			isa = XCConfigurationList;
			buildConfigurations = (
				E09771842DAD0EB700B4475D /* Debug */,
				E09771852DAD0EB700B4475D /* Release */,
			);
			defaultConfigurationIsVisible = 0;
			defaultConfigurationName = Release;
		};
		E09771862DAD0EB700B4475D /* Build configuration list for PBXNativeTarget "FlixFinderTests" */ = {
			isa = XCConfigurationList;
			buildConfigurations = (
				E09771872DAD0EB700B4475D /* Debug */,
				E09771882DAD0EB700B4475D /* Release */,
			);
			defaultConfigurationIsVisible = 0;
			defaultConfigurationName = Release;
		};
		E09771892DAD0EB700B4475D /* Build configuration list for PBXNativeTarget "FlixFinderUITests" */ = {
			isa = XCConfigurationList;
			buildConfigurations = (
				E097718A2DAD0EB700B4475D /* Debug */,
				E097718B2DAD0EB700B4475D /* Release */,
			);
			defaultConfigurationIsVisible = 0;
			defaultConfigurationName = Release;
		};
/* End XCConfigurationList section */
	};
	rootObject = E097715A2DAD0EB400B4475D /* Project object */;
}
